
Microsoft Visual Studio Solution File, Format Version 12.00
# Visual Studio 15
VisualStudioVersion = 15.0.28010.2016
MinimumVisualStudioVersion = 10.0.40219.1
Project("{FAE04EC0-301F-11D3-BF4B-00C04F79EFBC}") = "FingerForms.Android", "FingerForms\FingerForms.Android\FingerForms.Android.csproj", "{440B9BE5-F6AA-40EE-A81B-BB1B1DF0CF40}"
EndProject
Project("{FAE04EC0-301F-11D3-BF4B-00C04F79EFBC}") = "FingerForms.iOS", "FingerForms\FingerForms.iOS\FingerForms.iOS.csproj", "{F1C10B00-DE09-4497-9DAA-1B734F7D7707}"
EndProject
Project("{FAE04EC0-301F-11D3-BF4B-00C04F79EFBC}") = "FingerForms", "FingerForms\FingerForms\FingerForms.csproj", "{BA2342F2-06DD-405C-9C2B-D030B5D7F137}"
EndProject
Global
	GlobalSection(SolutionConfigurationPlatforms) = preSolution
		Ad-Hoc|Any CPU = Ad-Hoc|Any CPU
		Ad-Hoc|iPhone = Ad-Hoc|iPhone
		Ad-Hoc|iPhoneSimulator = Ad-Hoc|iPhoneSimulator
		AppStore|Any CPU = AppStore|Any CPU
		AppStore|iPhone = AppStore|iPhone
		AppStore|iPhoneSimulator = AppStore|iPhoneSimulator
		Debug|Any CPU = Debug|Any CPU
		Debug|iPhone = Debug|iPhone
		Debug|iPhoneSimulator = Debug|iPhoneSimulator
		Release|Any CPU = Release|Any CPU
		Release|iPhone = Release|iPhone
		Release|iPhoneSimulator = Release|iPhoneSimulator
	EndGlobalSection
	GlobalSection(ProjectConfigurationPlatforms) = postSolution
		{440B9BE5-F6AA-40EE-A81B-BB1B1DF0CF40}.Ad-Hoc|Any CPU.ActiveCfg = Release|Any CPU
		{440B9BE5-F6AA-40EE-A81B-BB1B1DF0CF40}.Ad-Hoc|Any CPU.Build.0 = Release|Any CPU
		{440B9BE5-F6AA-40EE-A81B-BB1B1DF0CF40}.Ad-Hoc|Any CPU.Deploy.0 = Release|Any CPU
		{440B9BE5-F6AA-40EE-A81B-BB1B1DF0CF40}.Ad-Hoc|iPhone.ActiveCfg = Release|Any CPU
		{440B9BE5-F6AA-40EE-A81B-BB1B1DF0CF40}.Ad-Hoc|iPhone.Build.0 = Release|Any CPU
		{440B9BE5-F6AA-40EE-A81B-BB1B1DF0CF40}.Ad-Hoc|iPhone.Deploy.0 = Release|Any CPU
		{440B9BE5-F6AA-40EE-A81B-BB1B1DF0CF40}.Ad-Hoc|iPhoneSimulator.ActiveCfg = Release|Any CPU
		{440B9BE5-F6AA-40EE-A81B-BB1B1DF0CF40}.Ad-Hoc|iPhoneSimulator.Build.0 = Release|Any CPU
		{440B9BE5-F6AA-40EE-A81B-BB1B1DF0CF40}.Ad-Hoc|iPhoneSimulator.Deploy.0 = Release|Any CPU
		{440B9BE5-F6AA-40EE-A81B-BB1B1DF0CF40}.AppStore|Any CPU.ActiveCfg = Release|Any CPU
		{440B9BE5-F6AA-40EE-A81B-BB1B1DF0CF40}.AppStore|Any CPU.Build.0 = Release|Any CPU
		{440B9BE5-F6AA-40EE-A81B-BB1B1DF0CF40}.AppStore|Any CPU.Deploy.0 = Release|Any CPU
		{440B9BE5-F6AA-40EE-A81B-BB1B1DF0CF40}.AppStore|iPhone.ActiveCfg = Release|Any CPU
		{440B9BE5-F6AA-40EE-A81B-BB1B1DF0CF40}.AppStore|iPhone.Build.0 = Release|Any CPU
		{440B9BE5-F6AA-40EE-A81B-BB1B1DF0CF40}.AppStore|iPhone.Deploy.0 = Release|Any CPU
		{440B9BE5-F6AA-40EE-A81B-BB1B1DF0CF40}.AppStore|iPhoneSimulator.ActiveCfg = Release|Any CPU
		{440B9BE5-F6AA-40EE-A81B-BB1B1DF0CF40}.AppStore|iPhoneSimulator.Build.0 = Release|Any CPU
		{440B9BE5-F6AA-40EE-A81B-BB1B1DF0CF40}.AppStore|iPhoneSimulator.Deploy.0 = Release|Any CPU
		{440B9BE5-F6AA-40EE-A81B-BB1B1DF0CF40}.Debug|Any CPU.ActiveCfg = Debug|Any CPU
		{440B9BE5-F6AA-40EE-A81B-BB1B1DF0CF40}.Debug|Any CPU.Build.0 = Debug|Any CPU
		{440B9BE5-F6AA-40EE-A81B-BB1B1DF0CF40}.Debug|Any CPU.Deploy.0 = Debug|Any CPU
		{440B9BE5-F6AA-40EE-A81B-BB1B1DF0CF40}.Debug|iPhone.ActiveCfg = Debug|Any CPU
		{440B9BE5-F6AA-40EE-A81B-BB1B1DF0CF40}.Debug|iPhone.Build.0 = Debug|Any CPU
		{440B9BE5-F6AA-40EE-A81B-BB1B1DF0CF40}.Debug|iPhone.Deploy.0 = Debug|Any CPU
		{440B9BE5-F6AA-40EE-A81B-BB1B1DF0CF40}.Debug|iPhoneSimulator.ActiveCfg = Debug|Any CPU
		{440B9BE5-F6AA-40EE-A81B-BB1B1DF0CF40}.Debug|iPhoneSimulator.Build.0 = Debug|Any CPU
		{440B9BE5-F6AA-40EE-A81B-BB1B1DF0CF40}.Debug|iPhoneSimulator.Deploy.0 = Debug|Any CPU
		{440B9BE5-F6AA-40EE-A81B-BB1B1DF0CF40}.Release|Any CPU.ActiveCfg = Release|Any CPU
		{440B9BE5-F6AA-40EE-A81B-BB1B1DF0CF40}.Release|Any CPU.Build.0 = Release|Any CPU
		{440B9BE5-F6AA-40EE-A81B-BB1B1DF0CF40}.Release|Any CPU.Deploy.0 = Release|Any CPU
		{440B9BE5-F6AA-40EE-A81B-BB1B1DF0CF40}.Release|iPhone.ActiveCfg = Release|Any CPU
		{440B9BE5-F6AA-40EE-A81B-BB1B1DF0CF40}.Release|iPhone.Build.0 = Release|Any CPU
		{440B9BE5-F6AA-40EE-A81B-BB1B1DF0CF40}.Release|iPhone.Deploy.0 = Release|Any CPU
		{440B9BE5-F6AA-40EE-A81B-BB1B1DF0CF40}.Release|iPhoneSimulator.ActiveCfg = Release|Any CPU
		{440B9BE5-F6AA-40EE-A81B-BB1B1DF0CF40}.Release|iPhoneSimulator.Build.0 = Release|Any CPU
		{440B9BE5-F6AA-40EE-A81B-BB1B1DF0CF40}.Release|iPhoneSimulator.Deploy.0 = Release|Any CPU
		{F1C10B00-DE09-4497-9DAA-1B734F7D7707}.Ad-Hoc|Any CPU.ActiveCfg = Ad-Hoc|iPhone
		{F1C10B00-DE09-4497-9DAA-1B734F7D7707}.Ad-Hoc|Any CPU.Build.0 = Ad-Hoc|iPhone
		{F1C10B00-DE09-4497-9DAA-1B734F7D7707}.Ad-Hoc|Any CPU.Deploy.0 = Ad-Hoc|iPhone
		{F1C10B00-DE09-4497-9DAA-1B734F7D7707}.Ad-Hoc|iPhone.ActiveCfg = Ad-Hoc|iPhone
		{F1C10B00-DE09-4497-9DAA-1B734F7D7707}.Ad-Hoc|iPhone.Build.0 = Ad-Hoc|iPhone
		{F1C10B00-DE09-4497-9DAA-1B734F7D7707}.Ad-Hoc|iPhone.Deploy.0 = Ad-Hoc|iPhone
		{F1C10B00-DE09-4497-9DAA-1B734F7D7707}.Ad-Hoc|iPhoneSimulator.ActiveCfg = Ad-Hoc|iPhoneSimulator
		{F1C10B00-DE09-4497-9DAA-1B734F7D7707}.Ad-Hoc|iPhoneSimulator.Build.0 = Ad-Hoc|iPhoneSimulator
		{F1C10B00-DE09-4497-9DAA-1B734F7D7707}.Ad-Hoc|iPhoneSimulator.Deploy.0 = Ad-Hoc|iPhoneSimulator
		{F1C10B00-DE09-4497-9DAA-1B734F7D7707}.AppStore|Any CPU.ActiveCfg = AppStore|iPhone
		{F1C10B00-DE09-4497-9DAA-1B734F7D7707}.AppStore|Any CPU.Build.0 = AppStore|iPhone
		{F1C10B00-DE09-4497-9DAA-1B734F7D7707}.AppStore|Any CPU.Deploy.0 = AppStore|iPhone
		{F1C10B00-DE09-4497-9DAA-1B734F7D7707}.AppStore|iPhone.ActiveCfg = AppStore|iPhone
		{F1C10B00-DE09-4497-9DAA-1B734F7D7707}.AppStore|iPhone.Build.0 = AppStore|iPhone
		{F1C10B00-DE09-4497-9DAA-1B734F7D7707}.AppStore|iPhone.Deploy.0 = AppStore|iPhone
		{F1C10B00-DE09-4497-9DAA-1B734F7D7707}.AppStore|iPhoneSimulator.ActiveCfg = AppStore|iPhoneSimulator
		{F1C10B00-DE09-4497-9DAA-1B734F7D7707}.AppStore|iPhoneSimulator.Build.0 = AppStore|iPhoneSimulator
		{F1C10B00-DE09-4497-9DAA-1B734F7D7707}.AppStore|iPhoneSimulator.Deploy.0 = AppStore|iPhoneSimulator
		{F1C10B00-DE09-4497-9DAA-1B734F7D7707}.Debug|Any CPU.ActiveCfg = Debug|iPhoneSimulator
		{F1C10B00-DE09-4497-9DAA-1B734F7D7707}.Debug|Any CPU.Build.0 = Debug|iPhoneSimulator
		{F1C10B00-DE09-4497-9DAA-1B734F7D7707}.Debug|Any CPU.Deploy.0 = Debug|iPhoneSimulator
		{F1C10B00-DE09-4497-9DAA-1B734F7D7707}.Debug|iPhone.ActiveCfg = Debug|iPhone
		{F1C10B00-DE09-4497-9DAA-1B734F7D7707}.Debug|iPhone.Build.0 = Debug|iPhone
		{F1C10B00-DE09-4497-9DAA-1B734F7D7707}.Debug|iPhone.Deploy.0 = Debug|iPhone
		{F1C10B00-DE09-4497-9DAA-1B734F7D7707}.Debug|iPhoneSimulator.ActiveCfg = Debug|iPhoneSimulator
		{F1C10B00-DE09-4497-9DAA-1B734F7D7707}.Debug|iPhoneSimulator.Build.0 = Debug|iPhoneSimulator
		{F1C10B00-DE09-4497-9DAA-1B734F7D7707}.Debug|iPhoneSimulator.Deploy.0 = Debug|iPhoneSimulator
		{F1C10B00-DE09-4497-9DAA-1B734F7D7707}.Release|Any CPU.ActiveCfg = Release|iPhone
		{F1C10B00-DE09-4497-9DAA-1B734F7D7707}.Release|Any CPU.Build.0 = Release|iPhone
		{F1C10B00-DE09-4497-9DAA-1B734F7D7707}.Release|Any CPU.Deploy.0 = Release|iPhone
		{F1C10B00-DE09-4497-9DAA-1B734F7D7707}.Release|iPhone.ActiveCfg = Release|iPhone
		{F1C10B00-DE09-4497-9DAA-1B734F7D7707}.Release|iPhone.Build.0 = Release|iPhone
		{F1C10B00-DE09-4497-9DAA-1B734F7D7707}.Release|iPhone.Deploy.0 = Release|iPhone
		{F1C10B00-DE09-4497-9DAA-1B734F7D7707}.Release|iPhoneSimulator.ActiveCfg = Release|iPhoneSimulator
		{F1C10B00-DE09-4497-9DAA-1B734F7D7707}.Release|iPhoneSimulator.Build.0 = Release|iPhoneSimulator
		{F1C10B00-DE09-4497-9DAA-1B734F7D7707}.Release|iPhoneSimulator.Deploy.0 = Release|iPhoneSimulator
		{BA2342F2-06DD-405C-9C2B-D030B5D7F137}.Ad-Hoc|Any CPU.ActiveCfg = Debug|Any CPU
		{BA2342F2-06DD-405C-9C2B-D030B5D7F137}.Ad-Hoc|Any CPU.Build.0 = Debug|Any CPU
		{BA2342F2-06DD-405C-9C2B-D030B5D7F137}.Ad-Hoc|Any CPU.Deploy.0 = Debug|Any CPU
		{BA2342F2-06DD-405C-9C2B-D030B5D7F137}.Ad-Hoc|iPhone.ActiveCfg = Debug|Any CPU
		{BA2342F2-06DD-405C-9C2B-D030B5D7F137}.Ad-Hoc|iPhone.Build.0 = Debug|Any CPU
		{BA2342F2-06DD-405C-9C2B-D030B5D7F137}.Ad-Hoc|iPhone.Deploy.0 = Debug|Any CPU
		{BA2342F2-06DD-405C-9C2B-D030B5D7F137}.Ad-Hoc|iPhoneSimulator.ActiveCfg = Debug|Any CPU
		{BA2342F2-06DD-405C-9C2B-D030B5D7F137}.Ad-Hoc|iPhoneSimulator.Build.0 = Debug|Any CPU
		{BA2342F2-06DD-405C-9C2B-D030B5D7F137}.Ad-Hoc|iPhoneSimulator.Deploy.0 = Debug|Any CPU
		{BA2342F2-06DD-405C-9C2B-D030B5D7F137}.AppStore|Any CPU.ActiveCfg = Debug|Any CPU
		{BA2342F2-06DD-405C-9C2B-D030B5D7F137}.AppStore|Any CPU.Build.0 = Debug|Any CPU
		{BA2342F2-06DD-405C-9C2B-D030B5D7F137}.AppStore|Any CPU.Deploy.0 = Debug|Any CPU
		{BA2342F2-06DD-405C-9C2B-D030B5D7F137}.AppStore|iPhone.ActiveCfg = Debug|Any CPU
		{BA2342F2-06DD-405C-9C2B-D030B5D7F137}.AppStore|iPhone.Build.0 = Debug|Any CPU
		{BA2342F2-06DD-405C-9C2B-D030B5D7F137}.AppStore|iPhone.Deploy.0 = Debug|Any CPU
		{BA2342F2-06DD-405C-9C2B-D030B5D7F137}.AppStore|iPhoneSimulator.ActiveCfg = Debug|Any CPU
		{BA2342F2-06DD-405C-9C2B-D030B5D7F137}.AppStore|iPhoneSimulator.Build.0 = Debug|Any CPU
		{BA2342F2-06DD-405C-9C2B-D030B5D7F137}.AppStore|iPhoneSimulator.Deploy.0 = Debug|Any CPU
		{BA2342F2-06DD-405C-9C2B-D030B5D7F137}.Debug|Any CPU.ActiveCfg = Debug|Any CPU
		{BA2342F2-06DD-405C-9C2B-D030B5D7F137}.Debug|Any CPU.Build.0 = Debug|Any CPU
		{BA2342F2-06DD-405C-9C2B-D030B5D7F137}.Debug|Any CPU.Deploy.0 = Debug|Any CPU
		{BA2342F2-06DD-405C-9C2B-D030B5D7F137}.Debug|iPhone.ActiveCfg = Debug|Any CPU
		{BA2342F2-06DD-405C-9C2B-D030B5D7F137}.Debug|iPhone.Build.0 = Debug|Any CPU
		{BA2342F2-06DD-405C-9C2B-D030B5D7F137}.Debug|iPhone.Deploy.0 = Debug|Any CPU
		{BA2342F2-06DD-405C-9C2B-D030B5D7F137}.Debug|iPhoneSimulator.ActiveCfg = Debug|Any CPU
		{BA2342F2-06DD-405C-9C2B-D030B5D7F137}.Debug|iPhoneSimulator.Build.0 = Debug|Any CPU
		{BA2342F2-06DD-405C-9C2B-D030B5D7F137}.Debug|iPhoneSimulator.Deploy.0 = Debug|Any CPU
		{BA2342F2-06DD-405C-9C2B-D030B5D7F137}.Release|Any CPU.ActiveCfg = Release|Any CPU
		{BA2342F2-06DD-405C-9C2B-D030B5D7F137}.Release|Any CPU.Build.0 = Release|Any CPU
		{BA2342F2-06DD-405C-9C2B-D030B5D7F137}.Release|Any CPU.Deploy.0 = Release|Any CPU
		{BA2342F2-06DD-405C-9C2B-D030B5D7F137}.Release|iPhone.ActiveCfg = Release|Any CPU
		{BA2342F2-06DD-405C-9C2B-D030B5D7F137}.Release|iPhone.Build.0 = Release|Any CPU
		{BA2342F2-06DD-405C-9C2B-D030B5D7F137}.Release|iPhone.Deploy.0 = Release|Any CPU
		{BA2342F2-06DD-405C-9C2B-D030B5D7F137}.Release|iPhoneSimulator.ActiveCfg = Release|Any CPU
		{BA2342F2-06DD-405C-9C2B-D030B5D7F137}.Release|iPhoneSimulator.Build.0 = Release|Any CPU
		{BA2342F2-06DD-405C-9C2B-D030B5D7F137}.Release|iPhoneSimulator.Deploy.0 = Release|Any CPU
	EndGlobalSection
	GlobalSection(SolutionProperties) = preSolution
		HideSolutionNode = FALSE
	EndGlobalSection
	GlobalSection(ExtensibilityGlobals) = postSolution
		SolutionGuid = {DF886369-1C90-4975-B3DB-D7F0A5BF64D2}
	EndGlobalSection
EndGlobal
